
Microsoft Visual Studio Solution File, Format Version 12.00
# Visual Studio Version 17
VisualStudioVersion = 17.8.34525.116
MinimumVisualStudioVersion = 10.0.40219.1
Project("{FAE04EC0-301F-11D3-BF4B-00C04F79EFBC}") = "MensajeDeBienvenida", "MensajeDeBienvenida.csproj", "{5C60F9EE-5116-4656-B44F-5B0A2E9D4726}"
EndProject
Global
	GlobalSection(SolutionConfigurationPlatforms) = preSolution
		Debug|Any CPU = Debug|Any CPU
		Release|Any CPU = Release|Any CPU
	EndGlobalSection
	GlobalSection(ProjectConfigurationPlatforms) = postSolution
		{5C60F9EE-5116-4656-B44F-5B0A2E9D4726}.Debug|Any CPU.ActiveCfg = Debug|Any CPU
		{5C60F9EE-5116-4656-B44F-5B0A2E9D4726}.Debug|Any CPU.Build.0 = Debug|Any CPU
		{5C60F9EE-5116-4656-B44F-5B0A2E9D4726}.Release|Any CPU.ActiveCfg = Release|Any CPU
		{5C60F9EE-5116-4656-B44F-5B0A2E9D4726}.Release|Any CPU.Build.0 = Release|Any CPU
	EndGlobalSection
	GlobalSection(SolutionProperties) = preSolution
		HideSolutionNode = FALSE
	EndGlobalSection
	GlobalSection(ExtensibilityGlobals) = postSolution
		SolutionGuid = {403903D5-CCB0-4808-BB2E-8B87DE5CA35F}
	EndGlobalSection
EndGlobal
